Microsoft Visual Studio Solution File, Format Version 12.00
# Visual Studio Version 17
VisualStudioVersion = 17.0.31903.59
MinimumVisualStudioVersion = 10.0.40219.1
Project("{9A19103F-16F7-4668-BE54-9A1E7A4F7556}") = "SimpleFileRenamer", "SimpleFileRenamer\SimpleFileRenamer.csproj", "{0B5EE8C5-F2D4-4397-8AEF-99A1E3E9A9D3}"
EndProject
Project("{9A19103F-16F7-4668-BE54-9A1E7A4F7556}") = "SimpleFileRenamer.ShellExtension", "SimpleFileRenamer.ShellExtension\SimpleFileRenamer.ShellExtension.csproj", "{C21F30C5-6E13-4B30-A1E8-E83D29BD606D}"
EndProject
Project("{9A19103F-16F7-4668-BE54-9A1E7A4F7556}") = "SimpleFileRenamer.Tests", "SimpleFileRenamer.Tests\SimpleFileRenamer.Tests.csproj", "{FB4E0F1F-6C9C-4A0B-9CA6-ACDDE2C7528C}"
EndProject
Global
	GlobalSection(SolutionConfigurationPlatforms) = preSolution
		Debug|Any CPU = Debug|Any CPU
		Release|Any CPU = Release|Any CPU
	EndGlobalSection
	GlobalSection(ProjectConfigurationPlatforms) = postSolution
		{0B5EE8C5-F2D4-4397-8AEF-99A1E3E9A9D3}.Debug|Any CPU.ActiveCfg = Debug|Any CPU
		{0B5EE8C5-F2D4-4397-8AEF-99A1E3E9A9D3}.Debug|Any CPU.Build.0 = Debug|Any CPU
		{0B5EE8C5-F2D4-4397-8AEF-99A1E3E9A9D3}.Release|Any CPU.ActiveCfg = Release|Any CPU
		{0B5EE8C5-F2D4-4397-8AEF-99A1E3E9A9D3}.Release|Any CPU.Build.0 = Release|Any CPU
		{C21F30C5-6E13-4B30-A1E8-E83D29BD606D}.Debug|Any CPU.ActiveCfg = Debug|Any CPU
		{C21F30C5-6E13-4B30-A1E8-E83D29BD606D}.Debug|Any CPU.Build.0 = Debug|Any CPU
		{C21F30C5-6E13-4B30-A1E8-E83D29BD606D}.Release|Any CPU.ActiveCfg = Release|Any CPU
		{C21F30C5-6E13-4B30-A1E8-E83D29BD606D}.Release|Any CPU.Build.0 = Release|Any CPU
		{FB4E0F1F-6C9C-4A0B-9CA6-ACDDE2C7528C}.Debug|Any CPU.ActiveCfg = Debug|Any CPU
		{FB4E0F1F-6C9C-4A0B-9CA6-ACDDE2C7528C}.Debug|Any CPU.Build.0 = Debug|Any CPU
		{FB4E0F1F-6C9C-4A0B-9CA6-ACDDE2C7528C}.Release|Any CPU.ActiveCfg = Release|Any CPU
		{FB4E0F1F-6C9C-4A0B-9CA6-ACDDE2C7528C}.Release|Any CPU.Build.0 = Release|Any CPU
	EndGlobalSection
	GlobalSection(SolutionProperties) = preSolution
		HideSolutionNode = FALSE
	EndGlobalSection
	GlobalSection(ExtensibilityGlobals) = postSolution
		SolutionGuid = {A3DAF9F9-D539-4BA8-A041-8DC3D30CD3A3}
	EndGlobalSection
EndGlobal
